// !$*UTF8*$!
{
	archiveVersion = 1;
	classes = {
	};
	objectVersion = 46;
	objects = {

/* Begin PBXBuildFile section */
		8441CF081CDE5821004C8211 /* FastSigmoid.swift in Sources */ = {isa = PBXBuildFile; fileRef = 8441CF071CDE5821004C8211 /* FastSigmoid.swift */; };
		8460E1FE1CDF2BE800420571 /* FastSigmoid2.swift in Sources */ = {isa = PBXBuildFile; fileRef = 8460E1FD1CDF2BE800420571 /* FastSigmoid2.swift */; };
		84DA319B1CDB7A9900C090AE /* AppDelegate.swift in Sources */ = {isa = PBXBuildFile; fileRef = 84DA319A1CDB7A9900C090AE /* AppDelegate.swift */; };
		84DA319D1CDB7A9900C090AE /* Assets.xcassets in Resources */ = {isa = PBXBuildFile; fileRef = 84DA319C1CDB7A9900C090AE /* Assets.xcassets */; };
		84DA31A01CDB7A9900C090AE /* MainMenu.xib in Resources */ = {isa = PBXBuildFile; fileRef = 84DA319E1CDB7A9900C090AE /* MainMenu.xib */; };
		84DA31A81CDB7ABA00C090AE /* Util.swift in Sources */ = {isa = PBXBuildFile; fileRef = 84DA31A71CDB7ABA00C090AE /* Util.swift */; };
		84DA31AA1CDB7AE800C090AE /* NeuralNet.swift in Sources */ = {isa = PBXBuildFile; fileRef = 84DA31A91CDB7AE800C090AE /* NeuralNet.swift */; };
		84DA31AC1CDB7AF000C090AE /* Neuron.swift in Sources */ = {isa = PBXBuildFile; fileRef = 84DA31AB1CDB7AF000C090AE /* Neuron.swift */; };
		84DA31AE1CDB7AFE00C090AE /* Layer.swift in Sources */ = {isa = PBXBuildFile; fileRef = 84DA31AD1CDB7AFE00C090AE /* Layer.swift */; };
/* End PBXBuildFile section */

/* Begin PBXFileReference section */
		8441CF071CDE5821004C8211 /* FastSigmoid.swift */ = {isa = PBXFileReference; fileEncoding = 4; lastKnownFileType = sourcecode.swift; path = FastSigmoid.swift; sourceTree = "<group>"; };
		8460E1FD1CDF2BE800420571 /* FastSigmoid2.swift */ = {isa = PBXFileReference; fileEncoding = 4; lastKnownFileType = sourcecode.swift; path = FastSigmoid2.swift; sourceTree = "<group>"; };
		84DA31971CDB7A9900C090AE /* NeuralNetwork.app */ = {isa = PBXFileReference; explicitFileType = wrapper.application; includeInIndex = 0; path = NeuralNetwork.app; sourceTree = BUILT_PRODUCTS_DIR; };
		84DA319A1CDB7A9900C090AE /* AppDelegate.swift */ = {isa = PBXFileReference; lastKnownFileType = sourcecode.swift; lineEnding = 0; path = AppDelegate.swift; sourceTree = "<group>"; xcLanguageSpecificationIdentifier = xcode.lang.swift; };
		84DA319C1CDB7A9900C090AE /* Assets.xcassets */ = {isa = PBXFileReference; lastKnownFileType = folder.assetcatalog; path = Assets.xcassets; sourceTree = "<group>"; };
		84DA319F1CDB7A9900C090AE /* Base */ = {isa = PBXFileReference; lastKnownFileType = file.xib; name = Base; path = Base.lproj/MainMenu.xib; sourceTree = "<group>"; };
		84DA31A11CDB7A9900C090AE /* Info.plist */ = {isa = PBXFileReference; lastKnownFileType = text.plist.xml; path = Info.plist; sourceTree = "<group>"; };
		84DA31A71CDB7ABA00C090AE /* Util.swift */ = {isa = PBXFileReference; fileEncoding = 4; lastKnownFileType = sourcecode.swift; lineEnding = 0; path = Util.swift; sourceTree = "<group>"; xcLanguageSpecificationIdentifier = xcode.lang.swift; };
		84DA31A91CDB7AE800C090AE /* NeuralNet.swift */ = {isa = PBXFileReference; fileEncoding = 4; lastKnownFileType = sourcecode.swift; lineEnding = 0; path = NeuralNet.swift; sourceTree = "<group>"; xcLanguageSpecificationIdentifier = xcode.lang.swift; };
		84DA31AB1CDB7AF000C090AE /* Neuron.swift */ = {isa = PBXFileReference; fileEncoding = 4; lastKnownFileType = sourcecode.swift; lineEnding = 0; path = Neuron.swift; sourceTree = "<group>"; xcLanguageSpecificationIdentifier = xcode.lang.swift; };
		84DA31AD1CDB7AFE00C090AE /* Layer.swift */ = {isa = PBXFileReference; fileEncoding = 4; lastKnownFileType = sourcecode.swift; lineEnding = 0; path = Layer.swift; sourceTree = "<group>"; xcLanguageSpecificationIdentifier = xcode.lang.swift; };
		84DA31AF1CDB8B1E00C090AE /* MyPlayground.playground */ = {isa = PBXFileReference; lastKnownFileType = file.playground; path = MyPlayground.playground; sourceTree = "<group>"; };
/* End PBXFileReference section */

/* Begin PBXFrameworksBuildPhase section */
		84DA31941CDB7A9900C090AE /* Frameworks */ = {
			isa = PBXFrameworksBuildPhase;
			buildActionMask = 2147483647;
			files = (
			);
			runOnlyForDeploymentPostprocessing = 0;
		};
/* End PBXFrameworksBuildPhase section */

/* Begin PBXGroup section */
		84DA318E1CDB7A9900C090AE = {
			isa = PBXGroup;
			children = (
				84DA31991CDB7A9900C090AE /* NeuralNetwork */,
				84DA31981CDB7A9900C090AE /* Products */,
			);
			sourceTree = "<group>";
		};
		84DA31981CDB7A9900C090AE /* Products */ = {
			isa = PBXGroup;
			children = (
				84DA31971CDB7A9900C090AE /* NeuralNetwork.app */,
			);
			name = Products;
			sourceTree = "<group>";
		};
		84DA31991CDB7A9900C090AE /* NeuralNetwork */ = {
			isa = PBXGroup;
			children = (
				84DA319A1CDB7A9900C090AE /* AppDelegate.swift */,
				84DA31A71CDB7ABA00C090AE /* Util.swift */,
				84DA31AF1CDB8B1E00C090AE /* MyPlayground.playground */,
				84DA31A91CDB7AE800C090AE /* NeuralNet.swift */,
				84DA31AB1CDB7AF000C090AE /* Neuron.swift */,
				8441CF071CDE5821004C8211 /* FastSigmoid.swift */,
				8460E1FD1CDF2BE800420571 /* FastSigmoid2.swift */,
				84DA31AD1CDB7AFE00C090AE /* Layer.swift */,
				84DA319C1CDB7A9900C090AE /* Assets.xcassets */,
				84DA319E1CDB7A9900C090AE /* MainMenu.xib */,
				84DA31A11CDB7A9900C090AE /* Info.plist */,
			);
			path = NeuralNetwork;
			sourceTree = "<group>";
		};
/* End PBXGroup section */

/* Begin PBXNativeTarget section */
		84DA31961CDB7A9900C090AE /* NeuralNetwork */ = {
			isa = PBXNativeTarget;
			buildConfigurationList = 84DA31A41CDB7A9900C090AE /* Build configuration list for PBXNativeTarget "NeuralNetwork" */;
			buildPhases = (
				84DA31931CDB7A9900C090AE /* Sources */,
				84DA31941CDB7A9900C090AE /* Frameworks */,
				84DA31951CDB7A9900C090AE /* Resources */,
			);
			buildRules = (
			);
			dependencies = (
			);
			name = NeuralNetwork;
			productName = NeuralNetwork;
			productReference = 84DA31971CDB7A9900C090AE /* NeuralNetwork.app */;
			productType = "com.apple.product-type.application";
		};
/* End PBXNativeTarget section */

/* Begin PBXProject section */
		84DA318F1CDB7A9900C090AE /* Project object */ = {
			isa = PBXProject;
			attributes = {
				LastSwiftUpdateCheck = 0730;
				LastUpgradeCheck = 0730;
				ORGANIZATIONNAME = admin;
				TargetAttributes = {
					84DA31961CDB7A9900C090AE = {
						CreatedOnToolsVersion = 7.3;
					};
				};
			};
			buildConfigurationList = 84DA31921CDB7A9900C090AE /* Build configuration list for PBXProject "NeuralNetwork" */;
			compatibilityVersion = "Xcode 3.2";
			developmentRegion = English;
			hasScannedForEncodings = 0;
			knownRegions = (
				en,
				Base,
			);
			mainGroup = 84DA318E1CDB7A9900C090AE;
			productRefGroup = 84DA31981CDB7A9900C090AE /* Products */;
			projectDirPath = "";
			projectRoot = "";
			targets = (
				84DA31961CDB7A9900C090AE /* NeuralNetwork */,
			);
		};
/* End PBXProject section */

/* Begin PBXResourcesBuildPhase section */
		84DA31951CDB7A9900C090AE /* Resources */ = {
			isa = PBXResourcesBuildPhase;
			buildActionMask = 2147483647;
			files = (
				84DA319D1CDB7A9900C090AE /* Assets.xcassets in Resources */,
				84DA31A01CDB7A9900C090AE /* MainMenu.xib in Resources */,
			);
			runOnlyForDeploymentPostprocessing = 0;
		};
/* End PBXResourcesBuildPhase section */

/* Begin PBXSourcesBuildPhase section */
		84DA31931CDB7A9900C090AE /* Sources */ = {
			isa = PBXSourcesBuildPhase;
			buildActionMask = 2147483647;
			files = (
				8441CF081CDE5821004C8211 /* FastSigmoid.swift in Sources */,
				84DA319B1CDB7A9900C090AE /* AppDelegate.swift in Sources */,
				84DA31A81CDB7ABA00C090AE /* Util.swift in Sources */,
				84DA31AE1CDB7AFE00C090AE /* Layer.swift in Sources */,
				84DA31AC1CDB7AF000C090AE /* Neuron.swift in Sources */,
				8460E1FE1CDF2BE800420571 /* FastSigmoid2.swift in Sources */,
				84DA31AA1CDB7AE800C090AE /* NeuralNet.swift in Sources */,
			);
			runOnlyForDeploymentPostprocessing = 0;
		};
/* End PBXSourcesBuildPhase section */

/* Begin PBXVariantGroup section */
		84DA319E1CDB7A9900C090AE /* MainMenu.xib */ = {
			isa = PBXVariantGroup;
			children = (
				84DA319F1CDB7A9900C090AE /* Base */,
			);
			name = MainMenu.xib;
			sourceTree = "<group>";
		};
/* End PBXVariantGroup section */

/* Begin XCBuildConfiguration section */
		84DA31A21CDB7A9900C090AE /* Debug */ = {
			isa = XCBuildConfiguration;
			buildSettings = {
				ALWAYS_SEARCH_USER_PATHS = NO;
				CLANG_ANALYZER_NONNULL = YES;
				CLANG_CXX_LANGUAGE_STANDARD = "gnu++0x";
				CLANG_CXX_LIBRARY = "libc++";
				CLANG_ENABLE_MODULES = YES;
				CLANG_ENABLE_OBJC_ARC = YES;
				CLANG_WARN_BOOL_CONVERSION = YES;
				CLANG_WARN_CONSTANT_CONVERSION = YES;
				CLANG_WARN_DIRECT_OBJC_ISA_USAGE = YES_ERROR;
				CLANG_WARN_EMPTY_BODY = YES;
				CLANG_WARN_ENUM_CONVERSION = YES;
				CLANG_WARN_INT_CONVERSION = YES;
				CLANG_WARN_OBJC_ROOT_CLASS = YES_ERROR;
				CLANG_WARN_UNREACHABLE_CODE = YES;
				CLANG_WARN__DUPLICATE_METHOD_MATCH = YES;
				CODE_SIGN_IDENTITY = "-";
				COPY_PHASE_STRIP = NO;
				DEBUG_INFORMATION_FORMAT = dwarf;
				ENABLE_STRICT_OBJC_MSGSEND = YES;
				ENABLE_TESTABILITY = YES;
				GCC_C_LANGUAGE_STANDARD = gnu99;
				GCC_DYNAMIC_NO_PIC = NO;
				GCC_NO_COMMON_BLOCKS = YES;
				GCC_OPTIMIZATION_LEVEL = 0;
				GCC_PREPROCESSOR_DEFINITIONS = (
					"DEBUG=1",
					"$(inherited)",
				);
				GCC_WARN_64_TO_32_BIT_CONVERSION = YES;
				GCC_WARN_ABOUT_RETURN_TYPE = YES_ERROR;
				GCC_WARN_UNDECLARED_SELECTOR = YES;
				GCC_WARN_UNINITIALIZED_AUTOS = YES_AGGRESSIVE;
				GCC_WARN_UNUSED_FUNCTION = YES;
				GCC_WARN_UNUSED_VARIABLE = YES;
				MACOSX_DEPLOYMENT_TARGET = 10.11;
				MTL_ENABLE_DEBUG_INFO = YES;
				ONLY_ACTIVE_ARCH = YES;
				SDKROOT = macosx;
				SWIFT_OPTIMIZATION_LEVEL = "-Onone";
			};
			name = Debug;
		};
		84DA31A31CDB7A9900C090AE /* Release */ = {
			isa = XCBuildConfiguration;
			buildSettings = {
				ALWAYS_SEARCH_USER_PATHS = NO;
				CLANG_ANALYZER_NONNULL = YES;
				CLANG_CXX_LANGUAGE_STANDARD = "gnu++0x";
				CLANG_CXX_LIBRARY = "libc++";
				CLANG_ENABLE_MODULES = YES;
				CLANG_ENABLE_OBJC_ARC = YES;
				CLANG_WARN_BOOL_CONVERSION = YES;
				CLANG_WARN_CONSTANT_CONVERSION = YES;
				CLANG_WARN_DIRECT_OBJC_ISA_USAGE = YES_ERROR;
				CLANG_WARN_EMPTY_BODY = YES;
				CLANG_WARN_ENUM_CONVERSION = YES;
				CLANG_WARN_INT_CONVERSION = YES;
				CLANG_WARN_OBJC_ROOT_CLASS = YES_ERROR;
				CLANG_WARN_UNREACHABLE_CODE = YES;
				CLANG_WARN__DUPLICATE_METHOD_MATCH = YES;
				CODE_SIGN_IDENTITY = "-";
				COPY_PHASE_STRIP = NO;
				DEBUG_INFORMATION_FORMAT = "dwarf-with-dsym";
				ENABLE_NS_ASSERTIONS = NO;
				ENABLE_STRICT_OBJC_MSGSEND = YES;
				GCC_C_LANGUAGE_STANDARD = gnu99;
				GCC_NO_COMMON_BLOCKS = YES;
				GCC_WARN_64_TO_32_BIT_CONVERSION = YES;
				GCC_WARN_ABOUT_RETURN_TYPE = YES_ERROR;
				GCC_WARN_UNDECLARED_SELECTOR = YES;
				GCC_WARN_UNINITIALIZED_AUTOS = YES_AGGRESSIVE;
				GCC_WARN_UNUSED_FUNCTION = YES;
				GCC_WARN_UNUSED_VARIABLE = YES;
				MACOSX_DEPLOYMENT_TARGET = 10.11;
				MTL_ENABLE_DEBUG_INFO = NO;
				SDKROOT = macosx;
			};
			name = Release;
		};
		84DA31A51CDB7A9900C090AE /* Debug */ = {
			isa = XCBuildConfiguration;
			buildSettings = {
				ASSETCATALOG_COMPILER_APPICON_NAME = AppIcon;
				CLANG_USE_OPTIMIZATION_PROFILE = YES;
				COMBINE_HIDPI_IMAGES = YES;
				INFOPLIST_FILE = NeuralNetwork/Info.plist;
				LD_RUNPATH_SEARCH_PATHS = "$(inherited) @executable_path/../Frameworks";
				PRODUCT_BUNDLE_IDENTIFIER = bbb.NeuralNetwork;
				PRODUCT_NAME = "$(TARGET_NAME)";
			};
			name = Debug;
		};
		84DA31A61CDB7A9900C090AE /* Release */ = {
			isa = XCBuildConfiguration;
			buildSettings = {
				ASSETCATALOG_COMPILER_APPICON_NAME = AppIcon;
				CLANG_USE_OPTIMIZATION_PROFILE = YES;
				COMBINE_HIDPI_IMAGES = YES;
				INFOPLIST_FILE = NeuralNetwork/Info.plist;
				LD_RUNPATH_SEARCH_PATHS = "$(inherited) @executable_path/../Frameworks";
				PRODUCT_BUNDLE_IDENTIFIER = bbb.NeuralNetwork;
				PRODUCT_NAME = "$(TARGET_NAME)";
			};
			name = Release;
		};
/* End XCBuildConfiguration section */

/* Begin XCConfigurationList section */
		84DA31921CDB7A9900C090AE /* Build configuration list for PBXProject "NeuralNetwork" */ = {
			isa = XCConfigurationList;
			buildConfigurations = (
				84DA31A21CDB7A9900C090AE /* Debug */,
				84DA31A31CDB7A9900C090AE /* Release */,
			);
			defaultConfigurationIsVisible = 0;
			defaultConfigurationName = Release;
		};
		84DA31A41CDB7A9900C090AE /* Build configuration list for PBXNativeTarget "NeuralNetwork" */ = {
			isa = XCConfigurationList;
			buildConfigurations = (
				84DA31A51CDB7A9900C090AE /* Debug */,
				84DA31A61CDB7A9900C090AE /* Release */,
			);
			defaultConfigurationIsVisible = 0;
			defaultConfigurationName = Release;
		};
/* End XCConfigurationList section */
	};
	rootObject = 84DA318F1CDB7A9900C090AE /* Project object */;
}
